
Microsoft Visual Studio Solution File, Format Version 12.00
# Visual Studio Version 16
VisualStudioVersion = 16.0.31515.178
MinimumVisualStudioVersion = 10.0.40219.1
Project("{FAE04EC0-301F-11D3-BF4B-00C04F79EFBC}") = "FIT5032_MyFirstWebApplication", "FIT5032_MyFirstWebApplication\FIT5032_MyFirstWebApplication.csproj", "{E52127C0-199C-48FA-8DFE-3AD6065C293D}"
EndProject
Project("{FAE04EC0-301F-11D3-BF4B-00C04F79EFBC}") = "FIT5032_MyFirstWebApplication.Tests", "FIT5032_MyFirstWebApplication.Tests\FIT5032_MyFirstWebApplication.Tests.csproj", "{03FF76A6-0714-4EE4-9ACA-74D874CDBE55}"
EndProject
Global
	GlobalSection(SolutionConfigurationPlatforms) = preSolution
		Debug|Any CPU = Debug|Any CPU
		Release|Any CPU = Release|Any CPU
	EndGlobalSection
	GlobalSection(ProjectConfigurationPlatforms) = postSolution
		{E52127C0-199C-48FA-8DFE-3AD6065C293D}.Debug|Any CPU.ActiveCfg = Debug|Any CPU
		{E52127C0-199C-48FA-8DFE-3AD6065C293D}.Debug|Any CPU.Build.0 = Debug|Any CPU
		{E52127C0-199C-48FA-8DFE-3AD6065C293D}.Release|Any CPU.ActiveCfg = Release|Any CPU
		{E52127C0-199C-48FA-8DFE-3AD6065C293D}.Release|Any CPU.Build.0 = Release|Any CPU
		{03FF76A6-0714-4EE4-9ACA-74D874CDBE55}.Debug|Any CPU.ActiveCfg = Debug|Any CPU
		{03FF76A6-0714-4EE4-9ACA-74D874CDBE55}.Debug|Any CPU.Build.0 = Debug|Any CPU
		{03FF76A6-0714-4EE4-9ACA-74D874CDBE55}.Release|Any CPU.ActiveCfg = Release|Any CPU
		{03FF76A6-0714-4EE4-9ACA-74D874CDBE55}.Release|Any CPU.Build.0 = Release|Any CPU
	EndGlobalSection
	GlobalSection(SolutionProperties) = preSolution
		HideSolutionNode = FALSE
	EndGlobalSection
	GlobalSection(ExtensibilityGlobals) = postSolution
		SolutionGuid = {E4458B44-05A9-407B-968A-B8E42C7DF38A}
	EndGlobalSection
EndGlobal
